
Microsoft Visual Studio Solution File, Format Version 12.00
# Visual Studio Version 17
VisualStudioVersion = 17.14.36221.1 d17.14
MinimumVisualStudioVersion = 10.0.40219.1
Project("{FAE04EC0-301F-11D3-BF4B-00C04F79EFBC}") = "Tienda.Api", "Tienda.Api\Tienda.Api.csproj", "{085442F8-FADF-41FF-8196-89C3105325BD}"
EndProject
Project("{FAE04EC0-301F-11D3-BF4B-00C04F79EFBC}") = "Tienda.Application", "Tienda.Application\Tienda.Application.csproj", "{B1AA084E-5CD8-46ED-852B-6CE9AA7B0959}"
EndProject
Project("{FAE04EC0-301F-11D3-BF4B-00C04F79EFBC}") = "Tienda.Domain", "Tienda.Domain\Tienda.Domain.csproj", "{444532C4-3B70-45B5-8790-FEC73A47256A}"
EndProject
Project("{FAE04EC0-301F-11D3-BF4B-00C04F79EFBC}") = "Tienda.Infrastructure", "Tienda.Infrastructure\Tienda.Infrastructure.csproj", "{A049237C-74C4-4A59-A397-6BB0BB93DAF5}"
EndProject
Project("{FAE04EC0-301F-11D3-BF4B-00C04F79EFBC}") = "Tienda.Tests", "Tienda.Tests\Tienda.Tests.csproj", "{AECDFC46-315B-4082-B30F-C76C52D0F2DC}"
EndProject
Global
	GlobalSection(SolutionConfigurationPlatforms) = preSolution
		Debug|Any CPU = Debug|Any CPU
		Release|Any CPU = Release|Any CPU
	EndGlobalSection
	GlobalSection(ProjectConfigurationPlatforms) = postSolution
		{085442F8-FADF-41FF-8196-89C3105325BD}.Debug|Any CPU.ActiveCfg = Debug|Any CPU
		{085442F8-FADF-41FF-8196-89C3105325BD}.Debug|Any CPU.Build.0 = Debug|Any CPU
		{085442F8-FADF-41FF-8196-89C3105325BD}.Release|Any CPU.ActiveCfg = Release|Any CPU
		{085442F8-FADF-41FF-8196-89C3105325BD}.Release|Any CPU.Build.0 = Release|Any CPU
		{B1AA084E-5CD8-46ED-852B-6CE9AA7B0959}.Debug|Any CPU.ActiveCfg = Debug|Any CPU
		{B1AA084E-5CD8-46ED-852B-6CE9AA7B0959}.Debug|Any CPU.Build.0 = Debug|Any CPU
		{B1AA084E-5CD8-46ED-852B-6CE9AA7B0959}.Release|Any CPU.ActiveCfg = Release|Any CPU
		{B1AA084E-5CD8-46ED-852B-6CE9AA7B0959}.Release|Any CPU.Build.0 = Release|Any CPU
		{444532C4-3B70-45B5-8790-FEC73A47256A}.Debug|Any CPU.ActiveCfg = Debug|Any CPU
		{444532C4-3B70-45B5-8790-FEC73A47256A}.Debug|Any CPU.Build.0 = Debug|Any CPU
		{444532C4-3B70-45B5-8790-FEC73A47256A}.Release|Any CPU.ActiveCfg = Release|Any CPU
		{444532C4-3B70-45B5-8790-FEC73A47256A}.Release|Any CPU.Build.0 = Release|Any CPU
		{A049237C-74C4-4A59-A397-6BB0BB93DAF5}.Debug|Any CPU.ActiveCfg = Debug|Any CPU
		{A049237C-74C4-4A59-A397-6BB0BB93DAF5}.Debug|Any CPU.Build.0 = Debug|Any CPU
		{A049237C-74C4-4A59-A397-6BB0BB93DAF5}.Release|Any CPU.ActiveCfg = Release|Any CPU
		{A049237C-74C4-4A59-A397-6BB0BB93DAF5}.Release|Any CPU.Build.0 = Release|Any CPU
		{AECDFC46-315B-4082-B30F-C76C52D0F2DC}.Debug|Any CPU.ActiveCfg = Debug|Any CPU
		{AECDFC46-315B-4082-B30F-C76C52D0F2DC}.Debug|Any CPU.Build.0 = Debug|Any CPU
		{AECDFC46-315B-4082-B30F-C76C52D0F2DC}.Release|Any CPU.ActiveCfg = Release|Any CPU
		{AECDFC46-315B-4082-B30F-C76C52D0F2DC}.Release|Any CPU.Build.0 = Release|Any CPU
	EndGlobalSection
	GlobalSection(SolutionProperties) = preSolution
		HideSolutionNode = FALSE
	EndGlobalSection
	GlobalSection(ExtensibilityGlobals) = postSolution
		SolutionGuid = {41E0A1BC-6E71-4758-8D70-3448DC3D89DE}
	EndGlobalSection
EndGlobal
